
Microsoft Visual Studio Solution File, Format Version 12.00
# Visual Studio Version 17
VisualStudioVersion = 17.9.34728.123
MinimumVisualStudioVersion = 10.0.40219.1
Project("{9A19103F-16F7-4668-BE54-9A1E7A4F7556}") = "Service.Analise", "Service.Analise\Service.Analise.csproj", "{E259EF7D-DEE2-470B-9E5F-F230820DFC63}"
EndProject
Project("{E53339B2-1760-4266-BCC7-CA923CBCF16C}") = "docker-compose", "docker-compose.dcproj", "{3A371854-17C3-4DD6-A085-4C0A787CD18A}"
EndProject
Global
	GlobalSection(SolutionConfigurationPlatforms) = preSolution
		Debug|Any CPU = Debug|Any CPU
		Release|Any CPU = Release|Any CPU
	EndGlobalSection
	GlobalSection(ProjectConfigurationPlatforms) = postSolution
		{E259EF7D-DEE2-470B-9E5F-F230820DFC63}.Debug|Any CPU.ActiveCfg = Debug|Any CPU
		{E259EF7D-DEE2-470B-9E5F-F230820DFC63}.Debug|Any CPU.Build.0 = Debug|Any CPU
		{E259EF7D-DEE2-470B-9E5F-F230820DFC63}.Release|Any CPU.ActiveCfg = Release|Any CPU
		{E259EF7D-DEE2-470B-9E5F-F230820DFC63}.Release|Any CPU.Build.0 = Release|Any CPU
		{3A371854-17C3-4DD6-A085-4C0A787CD18A}.Debug|Any CPU.ActiveCfg = Debug|Any CPU
		{3A371854-17C3-4DD6-A085-4C0A787CD18A}.Debug|Any CPU.Build.0 = Debug|Any CPU
		{3A371854-17C3-4DD6-A085-4C0A787CD18A}.Release|Any CPU.ActiveCfg = Release|Any CPU
		{3A371854-17C3-4DD6-A085-4C0A787CD18A}.Release|Any CPU.Build.0 = Release|Any CPU
	EndGlobalSection
	GlobalSection(SolutionProperties) = preSolution
		HideSolutionNode = FALSE
	EndGlobalSection
	GlobalSection(ExtensibilityGlobals) = postSolution
		SolutionGuid = {7C9D679A-119F-47BD-9844-93C8A7D88C5A}
	EndGlobalSection
EndGlobal
